
Microsoft Visual Studio Solution File, Format Version 12.00
# Visual Studio Version 17
VisualStudioVersion = 17.6.35230.93
MinimumVisualStudioVersion = 10.0.40219.1
Project("{FAE04EC0-301F-11D3-BF4B-00C04F79EFBC}") = "GTA_Games", "GTA_Games.csproj", "{4326489F-F0BC-4EEC-882B-073AC8357DC6}"
EndProject
Global
	GlobalSection(SolutionConfigurationPlatforms) = preSolution
		Debug|Any CPU = Debug|Any CPU
		Release|Any CPU = Release|Any CPU
	EndGlobalSection
	GlobalSection(ProjectConfigurationPlatforms) = postSolution
		{4326489F-F0BC-4EEC-882B-073AC8357DC6}.Debug|Any CPU.ActiveCfg = Debug|Any CPU
		{4326489F-F0BC-4EEC-882B-073AC8357DC6}.Debug|Any CPU.Build.0 = Debug|Any CPU
		{4326489F-F0BC-4EEC-882B-073AC8357DC6}.Release|Any CPU.ActiveCfg = Release|Any CPU
		{4326489F-F0BC-4EEC-882B-073AC8357DC6}.Release|Any CPU.Build.0 = Release|Any CPU
	EndGlobalSection
	GlobalSection(SolutionProperties) = preSolution
		HideSolutionNode = FALSE
	EndGlobalSection
	GlobalSection(ExtensibilityGlobals) = postSolution
		SolutionGuid = {AE0939B0-3375-4045-B7DE-7A78ED5C45F6}
	EndGlobalSection
EndGlobal
